// !$*UTF8*$!
{
	archiveVersion = 1;
	classes = {
	};
	objectVersion = 56;
	objects = {

/* Begin PBXBuildFile section */
		6885D52F29A44FB800443B7B /* AppDelegate.swift in Sources */ = {isa = PBXBuildFile; fileRef = 6885D52E29A44FB800443B7B /* AppDelegate.swift */; };
		6885D53129A44FB800443B7B /* SceneDelegate.swift in Sources */ = {isa = PBXBuildFile; fileRef = 6885D53029A44FB800443B7B /* SceneDelegate.swift */; };
		6885D53629A44FB800443B7B /* Main.storyboard in Resources */ = {isa = PBXBuildFile; fileRef = 6885D53429A44FB800443B7B /* Main.storyboard */; };
		6885D53829A44FBA00443B7B /* Assets.xcassets in Resources */ = {isa = PBXBuildFile; fileRef = 6885D53729A44FBA00443B7B /* Assets.xcassets */; };
		6885D53B29A44FBA00443B7B /* LaunchScreen.storyboard in Resources */ = {isa = PBXBuildFile; fileRef = 6885D53929A44FBA00443B7B /* LaunchScreen.storyboard */; };
		6885D54629A4512000443B7B /* TableViewCell.swift in Sources */ = {isa = PBXBuildFile; fileRef = 6885D54229A4511F00443B7B /* TableViewCell.swift */; };
		6885D54929A4512000443B7B /* TableViewController.swift in Sources */ = {isa = PBXBuildFile; fileRef = 6885D54529A4512000443B7B /* TableViewController.swift */; };
		6885D55029A55EC700443B7B /* CollectionViewCellNew.swift in Sources */ = {isa = PBXBuildFile; fileRef = 6885D54E29A55EC700443B7B /* CollectionViewCellNew.swift */; };
		6885D55129A55EC700443B7B /* CollectionViewController.swift in Sources */ = {isa = PBXBuildFile; fileRef = 6885D54F29A55EC700443B7B /* CollectionViewController.swift */; };
		6885D55329A5633E00443B7B /* DetailViewController.swift in Sources */ = {isa = PBXBuildFile; fileRef = 6885D55229A5633E00443B7B /* DetailViewController.swift */; };
/* End PBXBuildFile section */

/* Begin PBXFileReference section */
		6885D52B29A44FB800443B7B /* TableAndCollectionView.app */ = {isa = PBXFileReference; explicitFileType = wrapper.application; includeInIndex = 0; path = TableAndCollectionView.app; sourceTree = BUILT_PRODUCTS_DIR; };
		6885D52E29A44FB800443B7B /* AppDelegate.swift */ = {isa = PBXFileReference; lastKnownFileType = sourcecode.swift; path = AppDelegate.swift; sourceTree = "<group>"; };
		6885D53029A44FB800443B7B /* SceneDelegate.swift */ = {isa = PBXFileReference; lastKnownFileType = sourcecode.swift; path = SceneDelegate.swift; sourceTree = "<group>"; };
		6885D53529A44FB800443B7B /* Base */ = {isa = PBXFileReference; lastKnownFileType = file.storyboard; name = Base; path = Base.lproj/Main.storyboard; sourceTree = "<group>"; };
		6885D53729A44FBA00443B7B /* Assets.xcassets */ = {isa = PBXFileReference; lastKnownFileType = folder.assetcatalog; path = Assets.xcassets; sourceTree = "<group>"; };
		6885D53A29A44FBA00443B7B /* Base */ = {isa = PBXFileReference; lastKnownFileType = file.storyboard; name = Base; path = Base.lproj/LaunchScreen.storyboard; sourceTree = "<group>"; };
		6885D53C29A44FBA00443B7B /* Info.plist */ = {isa = PBXFileReference; lastKnownFileType = text.plist.xml; path = Info.plist; sourceTree = "<group>"; };
		6885D54229A4511F00443B7B /* TableViewCell.swift */ = {isa = PBXFileReference; fileEncoding = 4; lastKnownFileType = sourcecode.swift; path = TableViewCell.swift; sourceTree = "<group>"; };
		6885D54529A4512000443B7B /* TableViewController.swift */ = {isa = PBXFileReference; fileEncoding = 4; lastKnownFileType = sourcecode.swift; path = TableViewController.swift; sourceTree = "<group>"; };
		6885D54E29A55EC700443B7B /* CollectionViewCellNew.swift */ = {isa = PBXFileReference; fileEncoding = 4; lastKnownFileType = sourcecode.swift; path = CollectionViewCellNew.swift; sourceTree = "<group>"; };
		6885D54F29A55EC700443B7B /* CollectionViewController.swift */ = {isa = PBXFileReference; fileEncoding = 4; lastKnownFileType = sourcecode.swift; path = CollectionViewController.swift; sourceTree = "<group>"; };
		6885D55229A5633E00443B7B /* DetailViewController.swift */ = {isa = PBXFileReference; fileEncoding = 4; lastKnownFileType = sourcecode.swift; path = DetailViewController.swift; sourceTree = "<group>"; };
/* End PBXFileReference section */

/* Begin PBXFrameworksBuildPhase section */
		6885D52829A44FB800443B7B /* Frameworks */ = {
			isa = PBXFrameworksBuildPhase;
			buildActionMask = 2147483647;
			files = (
			);
			runOnlyForDeploymentPostprocessing = 0;
		};
/* End PBXFrameworksBuildPhase section */

/* Begin PBXGroup section */
		6885D52229A44FB800443B7B = {
			isa = PBXGroup;
			children = (
				6885D52D29A44FB800443B7B /* TableAndCollectionView */,
				6885D52C29A44FB800443B7B /* Products */,
			);
			sourceTree = "<group>";
		};
		6885D52C29A44FB800443B7B /* Products */ = {
			isa = PBXGroup;
			children = (
				6885D52B29A44FB800443B7B /* TableAndCollectionView.app */,
			);
			name = Products;
			sourceTree = "<group>";
		};
		6885D52D29A44FB800443B7B /* TableAndCollectionView */ = {
			isa = PBXGroup;
			children = (
				6885D55229A5633E00443B7B /* DetailViewController.swift */,
				6885D54E29A55EC700443B7B /* CollectionViewCellNew.swift */,
				6885D54F29A55EC700443B7B /* CollectionViewController.swift */,
				6885D54229A4511F00443B7B /* TableViewCell.swift */,
				6885D54529A4512000443B7B /* TableViewController.swift */,
				6885D52E29A44FB800443B7B /* AppDelegate.swift */,
				6885D53029A44FB800443B7B /* SceneDelegate.swift */,
				6885D53429A44FB800443B7B /* Main.storyboard */,
				6885D53729A44FBA00443B7B /* Assets.xcassets */,
				6885D53929A44FBA00443B7B /* LaunchScreen.storyboard */,
				6885D53C29A44FBA00443B7B /* Info.plist */,
			);
			path = TableAndCollectionView;
			sourceTree = "<group>";
		};
/* End PBXGroup section */

/* Begin PBXNativeTarget section */
		6885D52A29A44FB800443B7B /* TableAndCollectionView */ = {
			isa = PBXNativeTarget;
			buildConfigurationList = 6885D53F29A44FBA00443B7B /* Build configuration list for PBXNativeTarget "TableAndCollectionView" */;
			buildPhases = (
				6885D52729A44FB800443B7B /* Sources */,
				6885D52829A44FB800443B7B /* Frameworks */,
				6885D52929A44FB800443B7B /* Resources */,
			);
			buildRules = (
			);
			dependencies = (
			);
			name = TableAndCollectionView;
			productName = TableAndCollectionView;
			productReference = 6885D52B29A44FB800443B7B /* TableAndCollectionView.app */;
			productType = "com.apple.product-type.application";
		};
/* End PBXNativeTarget section */

/* Begin PBXProject section */
		6885D52329A44FB800443B7B /* Project object */ = {
			isa = PBXProject;
			attributes = {
				BuildIndependentTargetsInParallel = 1;
				LastSwiftUpdateCheck = 1420;
				LastUpgradeCheck = 1420;
				TargetAttributes = {
					6885D52A29A44FB800443B7B = {
						CreatedOnToolsVersion = 14.2;
					};
				};
			};
			buildConfigurationList = 6885D52629A44FB800443B7B /* Build configuration list for PBXProject "TableAndCollectionView" */;
			compatibilityVersion = "Xcode 14.0";
			developmentRegion = en;
			hasScannedForEncodings = 0;
			knownRegions = (
				en,
				Base,
			);
			mainGroup = 6885D52229A44FB800443B7B;
			productRefGroup = 6885D52C29A44FB800443B7B /* Products */;
			projectDirPath = "";
			projectRoot = "";
			targets = (
				6885D52A29A44FB800443B7B /* TableAndCollectionView */,
			);
		};
/* End PBXProject section */

/* Begin PBXResourcesBuildPhase section */
		6885D52929A44FB800443B7B /* Resources */ = {
			isa = PBXResourcesBuildPhase;
			buildActionMask = 2147483647;
			files = (
				6885D53B29A44FBA00443B7B /* LaunchScreen.storyboard in Resources */,
				6885D53829A44FBA00443B7B /* Assets.xcassets in Resources */,
				6885D53629A44FB800443B7B /* Main.storyboard in Resources */,
			);
			runOnlyForDeploymentPostprocessing = 0;
		};
/* End PBXResourcesBuildPhase section */

/* Begin PBXSourcesBuildPhase section */
		6885D52729A44FB800443B7B /* Sources */ = {
			isa = PBXSourcesBuildPhase;
			buildActionMask = 2147483647;
			files = (
				6885D55329A5633E00443B7B /* DetailViewController.swift in Sources */,
				6885D54929A4512000443B7B /* TableViewController.swift in Sources */,
				6885D54629A4512000443B7B /* TableViewCell.swift in Sources */,
				6885D52F29A44FB800443B7B /* AppDelegate.swift in Sources */,
				6885D55029A55EC700443B7B /* CollectionViewCellNew.swift in Sources */,
				6885D55129A55EC700443B7B /* CollectionViewController.swift in Sources */,
				6885D53129A44FB800443B7B /* SceneDelegate.swift in Sources */,
			);
			runOnlyForDeploymentPostprocessing = 0;
		};
/* End PBXSourcesBuildPhase section */

/* Begin PBXVariantGroup section */
		6885D53429A44FB800443B7B /* Main.storyboard */ = {
			isa = PBXVariantGroup;
			children = (
				6885D53529A44FB800443B7B /* Base */,
			);
			name = Main.storyboard;
			sourceTree = "<group>";
		};
		6885D53929A44FBA00443B7B /* LaunchScreen.storyboard */ = {
			isa = PBXVariantGroup;
			children = (
				6885D53A29A44FBA00443B7B /* Base */,
			);
			name = LaunchScreen.storyboard;
			sourceTree = "<group>";
		};
/* End PBXVariantGroup section */

/* Begin XCBuildConfiguration section */
		6885D53D29A44FBA00443B7B /* Debug */ = {
			isa = XCBuildConfiguration;
			buildSettings = {
				ALWAYS_SEARCH_USER_PATHS = NO;
				CLANG_ANALYZER_NONNULL = YES;
				CLANG_ANALYZER_NUMBER_OBJECT_CONVERSION = YES_AGGRESSIVE;
				CLANG_CXX_LANGUAGE_STANDARD = "gnu++20";
				CLANG_ENABLE_MODULES = YES;
				CLANG_ENABLE_OBJC_ARC = YES;
				CLANG_ENABLE_OBJC_WEAK = YES;
				CLANG_WARN_BLOCK_CAPTURE_AUTORELEASING = YES;
				CLANG_WARN_BOOL_CONVERSION = YES;
				CLANG_WARN_COMMA = YES;
				CLANG_WARN_CONSTANT_CONVERSION = YES;
				CLANG_WARN_DEPRECATED_OBJC_IMPLEMENTATIONS = YES;
				CLANG_WARN_DIRECT_OBJC_ISA_USAGE = YES_ERROR;
				CLANG_WARN_DOCUMENTATION_COMMENTS = YES;
				CLANG_WARN_EMPTY_BODY = YES;
				CLANG_WARN_ENUM_CONVERSION = YES;
				CLANG_WARN_INFINITE_RECURSION = YES;
				CLANG_WARN_INT_CONVERSION = YES;
				CLANG_WARN_NON_LITERAL_NULL_CONVERSION = YES;
				CLANG_WARN_OBJC_IMPLICIT_RETAIN_SELF = YES;
				CLANG_WARN_OBJC_LITERAL_CONVERSION = YES;
				CLANG_WARN_OBJC_ROOT_CLASS = YES_ERROR;
				CLANG_WARN_QUOTED_INCLUDE_IN_FRAMEWORK_HEADER = YES;
				CLANG_WARN_RANGE_LOOP_ANALYSIS = YES;
				CLANG_WARN_STRICT_PROTOTYPES = YES;
				CLANG_WARN_SUSPICIOUS_MOVE = YES;
				CLANG_WARN_UNGUARDED_AVAILABILITY = YES_AGGRESSIVE;
				CLANG_WARN_UNREACHABLE_CODE = YES;
				CLANG_WARN__DUPLICATE_METHOD_MATCH = YES;
				COPY_PHASE_STRIP = NO;
				DEBUG_INFORMATION_FORMAT = dwarf;
				ENABLE_STRICT_OBJC_MSGSEND = YES;
				ENABLE_TESTABILITY = YES;
				GCC_C_LANGUAGE_STANDARD = gnu11;
				GCC_DYNAMIC_NO_PIC = NO;
				GCC_NO_COMMON_BLOCKS = YES;
				GCC_OPTIMIZATION_LEVEL = 0;
				GCC_PREPROCESSOR_DEFINITIONS = (
					"DEBUG=1",
					"$(inherited)",
				);
				GCC_WARN_64_TO_32_BIT_CONVERSION = YES;
				GCC_WARN_ABOUT_RETURN_TYPE = YES_ERROR;
				GCC_WARN_UNDECLARED_SELECTOR = YES;
				GCC_WARN_UNINITIALIZED_AUTOS = YES_AGGRESSIVE;
				GCC_WARN_UNUSED_FUNCTION = YES;
				GCC_WARN_UNUSED_VARIABLE = YES;
				IPHONEOS_DEPLOYMENT_TARGET = 16.2;
				MTL_ENABLE_DEBUG_INFO = INCLUDE_SOURCE;
				MTL_FAST_MATH = YES;
				ONLY_ACTIVE_ARCH = YES;
				SDKROOT = iphoneos;
				SWIFT_ACTIVE_COMPILATION_CONDITIONS = DEBUG;
				SWIFT_OPTIMIZATION_LEVEL = "-Onone";
			};
			name = Debug;
		};
		6885D53E29A44FBA00443B7B /* Release */ = {
			isa = XCBuildConfiguration;
			buildSettings = {
				ALWAYS_SEARCH_USER_PATHS = NO;
				CLANG_ANALYZER_NONNULL = YES;
				CLANG_ANALYZER_NUMBER_OBJECT_CONVERSION = YES_AGGRESSIVE;
				CLANG_CXX_LANGUAGE_STANDARD = "gnu++20";
				CLANG_ENABLE_MODULES = YES;
				CLANG_ENABLE_OBJC_ARC = YES;
				CLANG_ENABLE_OBJC_WEAK = YES;
				CLANG_WARN_BLOCK_CAPTURE_AUTORELEASING = YES;
				CLANG_WARN_BOOL_CONVERSION = YES;
				CLANG_WARN_COMMA = YES;
				CLANG_WARN_CONSTANT_CONVERSION = YES;
				CLANG_WARN_DEPRECATED_OBJC_IMPLEMENTATIONS = YES;
				CLANG_WARN_DIRECT_OBJC_ISA_USAGE = YES_ERROR;
				CLANG_WARN_DOCUMENTATION_COMMENTS = YES;
				CLANG_WARN_EMPTY_BODY = YES;
				CLANG_WARN_ENUM_CONVERSION = YES;
				CLANG_WARN_INFINITE_RECURSION = YES;
				CLANG_WARN_INT_CONVERSION = YES;
				CLANG_WARN_NON_LITERAL_NULL_CONVERSION = YES;
				CLANG_WARN_OBJC_IMPLICIT_RETAIN_SELF = YES;
				CLANG_WARN_OBJC_LITERAL_CONVERSION = YES;
				CLANG_WARN_OBJC_ROOT_CLASS = YES_ERROR;
				CLANG_WARN_QUOTED_INCLUDE_IN_FRAMEWORK_HEADER = YES;
				CLANG_WARN_RANGE_LOOP_ANALYSIS = YES;
				CLANG_WARN_STRICT_PROTOTYPES = YES;
				CLANG_WARN_SUSPICIOUS_MOVE = YES;
				CLANG_WARN_UNGUARDED_AVAILABILITY = YES_AGGRESSIVE;
				CLANG_WARN_UNREACHABLE_CODE = YES;
				CLANG_WARN__DUPLICATE_METHOD_MATCH = YES;
				COPY_PHASE_STRIP = NO;
				DEBUG_INFORMATION_FORMAT = "dwarf-with-dsym";
				ENABLE_NS_ASSERTIONS = NO;
				ENABLE_STRICT_OBJC_MSGSEND = YES;
				GCC_C_LANGUAGE_STANDARD = gnu11;
				GCC_NO_COMMON_BLOCKS = YES;
				GCC_WARN_64_TO_32_BIT_CONVERSION = YES;
				GCC_WARN_ABOUT_RETURN_TYPE = YES_ERROR;
				GCC_WARN_UNDECLARED_SELECTOR = YES;
				GCC_WARN_UNINITIALIZED_AUTOS = YES_AGGRESSIVE;
				GCC_WARN_UNUSED_FUNCTION = YES;
				GCC_WARN_UNUSED_VARIABLE = YES;
				IPHONEOS_DEPLOYMENT_TARGET = 16.2;
				MTL_ENABLE_DEBUG_INFO = NO;
				MTL_FAST_MATH = YES;
				SDKROOT = iphoneos;
				SWIFT_COMPILATION_MODE = wholemodule;
				SWIFT_OPTIMIZATION_LEVEL = "-O";
				VALIDATE_PRODUCT = YES;
			};
			name = Release;
		};
		6885D54029A44FBA00443B7B /* Debug */ = {
			isa = XCBuildConfiguration;
			buildSettings = {
				ASSETCATALOG_COMPILER_APPICON_NAME = AppIcon;
				ASSETCATALOG_COMPILER_GLOBAL_ACCENT_COLOR_NAME = AccentColor;
				CODE_SIGN_STYLE = Automatic;
				CURRENT_PROJECT_VERSION = 1;
				DEVELOPMENT_TEAM = W7SMCDJ569;
				GENERATE_INFOPLIST_FILE = YES;
				INFOPLIST_FILE = TableAndCollectionView/Info.plist;
				INFOPLIST_KEY_UIApplicationSupportsIndirectInputEvents = YES;
				INFOPLIST_KEY_UILaunchStoryboardName = LaunchScreen;
				INFOPLIST_KEY_UIMainStoryboardFile = Main;
				INFOPLIST_KEY_UISupportedInterfaceOrientations_iPad = "UIInterfaceOrientationPortrait UIInterfaceOrientationPortraitUpsideDown UIInterfaceOrientationLandscapeLeft UIInterfaceOrientationLandscapeRight";
				INFOPLIST_KEY_UISupportedInterfaceOrientations_iPhone = "UIInterfaceOrientationPortrait UIInterfaceOrientationLandscapeLeft UIInterfaceOrientationLandscapeRight";
				LD_RUNPATH_SEARCH_PATHS = (
					"$(inherited)",
					"@executable_path/Frameworks",
				);
				MARKETING_VERSION = 1.0;
				PRODUCT_BUNDLE_IDENTIFIER = sai.com.TableAndCollectionView;
				PRODUCT_NAME = "$(TARGET_NAME)";
				SWIFT_EMIT_LOC_STRINGS = YES;
				SWIFT_VERSION = 5.0;
				TARGETED_DEVICE_FAMILY = "1,2";
			};
			name = Debug;
		};
		6885D54129A44FBA00443B7B /* Release */ = {
			isa = XCBuildConfiguration;
			buildSettings = {
				ASSETCATALOG_COMPILER_APPICON_NAME = AppIcon;
				ASSETCATALOG_COMPILER_GLOBAL_ACCENT_COLOR_NAME = AccentColor;
				CODE_SIGN_STYLE = Automatic;
				CURRENT_PROJECT_VERSION = 1;
				DEVELOPMENT_TEAM = W7SMCDJ569;
				GENERATE_INFOPLIST_FILE = YES;
				INFOPLIST_FILE = TableAndCollectionView/Info.plist;
				INFOPLIST_KEY_UIApplicationSupportsIndirectInputEvents = YES;
				INFOPLIST_KEY_UILaunchStoryboardName = LaunchScreen;
				INFOPLIST_KEY_UIMainStoryboardFile = Main;
				INFOPLIST_KEY_UISupportedInterfaceOrientations_iPad = "UIInterfaceOrientationPortrait UIInterfaceOrientationPortraitUpsideDown UIInterfaceOrientationLandscapeLeft UIInterfaceOrientationLandscapeRight";
				INFOPLIST_KEY_UISupportedInterfaceOrientations_iPhone = "UIInterfaceOrientationPortrait UIInterfaceOrientationLandscapeLeft UIInterfaceOrientationLandscapeRight";
				LD_RUNPATH_SEARCH_PATHS = (
					"$(inherited)",
					"@executable_path/Frameworks",
				);
				MARKETING_VERSION = 1.0;
				PRODUCT_BUNDLE_IDENTIFIER = sai.com.TableAndCollectionView;
				PRODUCT_NAME = "$(TARGET_NAME)";
				SWIFT_EMIT_LOC_STRINGS = YES;
				SWIFT_VERSION = 5.0;
				TARGETED_DEVICE_FAMILY = "1,2";
			};
			name = Release;
		};
/* End XCBuildConfiguration section */

/* Begin XCConfigurationList section */
		6885D52629A44FB800443B7B /* Build configuration list for PBXProject "TableAndCollectionView" */ = {
			isa = XCConfigurationList;
			buildConfigurations = (
				6885D53D29A44FBA00443B7B /* Debug */,
				6885D53E29A44FBA00443B7B /* Release */,
			);
			defaultConfigurationIsVisible = 0;
			defaultConfigurationName = Release;
		};
		6885D53F29A44FBA00443B7B /* Build configuration list for PBXNativeTarget "TableAndCollectionView" */ = {
			isa = XCConfigurationList;
			buildConfigurations = (
				6885D54029A44FBA00443B7B /* Debug */,
				6885D54129A44FBA00443B7B /* Release */,
			);
			defaultConfigurationIsVisible = 0;
			defaultConfigurationName = Release;
		};
/* End XCConfigurationList section */
	};
	rootObject = 6885D52329A44FB800443B7B /* Project object */;
}
